lockfileVersion: '9.0'

settings:
  autoInstallPeers: true
  excludeLinksFromLockfile: false

importers:

  .:
    dependencies:
      nanostores:
        specifier: 1.5.4
        version: 1.5.4
    devDependencies:
      typescript:
        specifier: ^5.9.2
        version: 5.9.3

packages:

  nanostores@1.5.4:
    resolution: {integrity: sha512-4UXY7OAJEK0Y6V3SudBU7cXjAzTDc189R78dDOh0Xbm19gpKYto6WizSg58LJf12lTsRxKSLGyE117OiLpM4DQ==}
    engines: {node: ^20.0.0 || >=22.0.0}

  typescript@5.9.3:
    resolution: {integrity: sha512-jl1vZzPDinLr9eUt3J/t7V6FgNEw9QjvBPdysz9KfQDD41fQrC2Y4vKQdiaUpFT4bXlb1RHhLpp8wtm6M5TgSw==}
    engines: {node: '>=14.17'}
    hasBin: true

snapshots:

  nanostores@1.5.4: {}

  typescript@5.9.3: {}
